
Microsoft Visual Studio Solution File, Format Version 12.00
# Visual Studio 14
VisualStudioVersion = 14.0.25420.1
MinimumVisualStudioVersion = 10.0.40219.1
Project("{FAE04EC0-301F-11D3-BF4B-00C04F79EFBC}") = "Scientific_Calculator", "Scientific_Calculator\Scientific_Calculator.csproj", "{E6B1F5D6-E778-445E-B2AF-74A90C000333}"
EndProject
Global
	GlobalSection(SolutionConfigurationPlatforms) = preSolution
		Debug|Any CPU = Debug|Any CPU
		Release|Any CPU = Release|Any CPU
	EndGlobalSection
	GlobalSection(ProjectConfigurationPlatforms) = postSolution
		{E6B1F5D6-E778-445E-B2AF-74A90C000333}.Debug|Any CPU.ActiveCfg = Debug|Any CPU
		{E6B1F5D6-E778-445E-B2AF-74A90C000333}.Debug|Any CPU.Build.0 = Debug|Any CPU
		{E6B1F5D6-E778-445E-B2AF-74A90C000333}.Release|Any CPU.ActiveCfg = Release|Any CPU
		{E6B1F5D6-E778-445E-B2AF-74A90C000333}.Release|Any CPU.Build.0 = Release|Any CPU
	EndGlobalSection
	GlobalSection(SolutionProperties) = preSolution
		HideSolutionNode = FALSE
	EndGlobalSection
EndGlobal
